
Microsoft Visual Studio Solution File, Format Version 12.00
# Visual Studio Version 16
VisualStudioVersion = 16.0.29209.62
MinimumVisualStudioVersion = 10.0.40219.1
Project("{FAE04EC0-301F-11D3-BF4B-00C04F79EFBC}") = "SistemaBebida", "SistemaBebida\SistemaBebida.csproj", "{A3EDB8B2-D5D8-475A-8689-A42B7BA4F795}"
EndProject
Global
	GlobalSection(SolutionConfigurationPlatforms) = preSolution
		Debug|Any CPU = Debug|Any CPU
		Release|Any CPU = Release|Any CPU
	EndGlobalSection
	GlobalSection(ProjectConfigurationPlatforms) = postSolution
		{A3EDB8B2-D5D8-475A-8689-A42B7BA4F795}.Debug|Any CPU.ActiveCfg = Debug|Any CPU
		{A3EDB8B2-D5D8-475A-8689-A42B7BA4F795}.Debug|Any CPU.Build.0 = Debug|Any CPU
		{A3EDB8B2-D5D8-475A-8689-A42B7BA4F795}.Release|Any CPU.ActiveCfg = Release|Any CPU
		{A3EDB8B2-D5D8-475A-8689-A42B7BA4F795}.Release|Any CPU.Build.0 = Release|Any CPU
	EndGlobalSection
	GlobalSection(SolutionProperties) = preSolution
		HideSolutionNode = FALSE
	EndGlobalSection
	GlobalSection(ExtensibilityGlobals) = postSolution
		SolutionGuid = {93A99106-515B-4F7F-A07D-ACB803EC52B2}
	EndGlobalSection
EndGlobal
